// !$*UTF8*$!
{
	archiveVersion = 1;
	classes = {
	};
	objectVersion = 77;
	objects = {

/* Begin PBXBuildFile section */
		203C530C2DD6809400597453 /* NIO in Frameworks */ = {isa = PBXBuildFile; productRef = 203C530B2DD6809400597453 /* NIO */; };
		203C530E2DD6809400597453 /* NIOConcurrencyHelpers in Frameworks */ = {isa = PBXBuildFile; productRef = 203C530D2DD6809400597453 /* NIOConcurrencyHelpers */; };
		203C53102DD6809400597453 /* NIOCore in Frameworks */ = {isa = PBXBuildFile; productRef = 203C530F2DD6809400597453 /* NIOCore */; };
		203C53122DD6809400597453 /* NIOEmbedded in Frameworks */ = {isa = PBXBuildFile; productRef = 203C53112DD6809400597453 /* NIOEmbedded */; };
		203C53142DD6809400597453 /* NIOFoundationCompat in Frameworks */ = {isa = PBXBuildFile; productRef = 203C53132DD6809400597453 /* NIOFoundationCompat */; };
		203C53162DD6809400597453 /* NIOHTTP1 in Frameworks */ = {isa = PBXBuildFile; productRef = 203C53152DD6809400597453 /* NIOHTTP1 */; };
		203C53182DD6809400597453 /* NIOPosix in Frameworks */ = {isa = PBXBuildFile; productRef = 203C53172DD6809400597453 /* NIOPosix */; };
		203C531A2DD6809400597453 /* NIOTLS in Frameworks */ = {isa = PBXBuildFile; productRef = 203C53192DD6809400597453 /* NIOTLS */; };
		203C531C2DD6809400597453 /* NIOTestUtils in Frameworks */ = {isa = PBXBuildFile; productRef = 203C531B2DD6809400597453 /* NIOTestUtils */; };
		203C531E2DD6809400597453 /* NIOWebSocket in Frameworks */ = {isa = PBXBuildFile; productRef = 203C531D2DD6809400597453 /* NIOWebSocket */; };
		203C53202DD6809400597453 /* _NIOConcurrency in Frameworks */ = {isa = PBXBuildFile; productRef = 203C531F2DD6809400597453 /* _NIOConcurrency */; };
		203C53222DD6809400597453 /* _NIOFileSystem in Frameworks */ = {isa = PBXBuildFile; productRef = 203C53212DD6809400597453 /* _NIOFileSystem */; };
		203C53242DD6809400597453 /* _NIOFileSystemFoundationCompat in Frameworks */ = {isa = PBXBuildFile; productRef = 203C53232DD6809400597453 /* _NIOFileSystemFoundationCompat */; };
		203C53272DD680C600597453 /* OSCKit in Frameworks */ = {isa = PBXBuildFile; productRef = 203C53262DD680C600597453 /* OSCKit */; };
		203C53292DD680C600597453 /* OSCKitCore in Frameworks */ = {isa = PBXBuildFile; productRef = 203C53282DD680C600597453 /* OSCKitCore */; };
/* End PBXBuildFile section */

/* Begin PBXContainerItemProxy section */
		203C52EE2DD67F2F00597453 /* PBXContainerItemProxy */ = {
			isa = PBXContainerItemProxy;
			containerPortal = 203C52D72DD67F2E00597453 /* Project object */;
			proxyType = 1;
			remoteGlobalIDString = 203C52DE2DD67F2E00597453;
			remoteInfo = FlashlightsInTheDark;
		};
		203C52F82DD67F2F00597453 /* PBXContainerItemProxy */ = {
			isa = PBXContainerItemProxy;
			containerPortal = 203C52D72DD67F2E00597453 /* Project object */;
			proxyType = 1;
			remoteGlobalIDString = 203C52DE2DD67F2E00597453;
			remoteInfo = FlashlightsInTheDark;
		};
/* End PBXContainerItemProxy section */

/* Begin PBXFileReference section */
		203C52DF2DD67F2E00597453 /* FlashlightsInTheDark.app */ = {isa = PBXFileReference; explicitFileType = wrapper.application; includeInIndex = 0; path = FlashlightsInTheDark.app; sourceTree = BUILT_PRODUCTS_DIR; };
		203C52ED2DD67F2F00597453 /* FlashlightsInTheDarkTests.xctest */ = {isa = PBXFileReference; explicitFileType = wrapper.cfbundle; includeInIndex = 0; path = FlashlightsInTheDarkTests.xctest; sourceTree = BUILT_PRODUCTS_DIR; };
		203C52F72DD67F2F00597453 /* FlashlightsInTheDarkUITests.xctest */ = {isa = PBXFileReference; explicitFileType = wrapper.cfbundle; includeInIndex = 0; path = FlashlightsInTheDarkUITests.xctest; sourceTree = BUILT_PRODUCTS_DIR; };
/* End PBXFileReference section */

/* Begin PBXFileSystemSynchronizedRootGroup section */
       203C52E12DD67F2E00597453 /* FlashlightsInTheDark_MacOS */ = {
           isa = PBXFileSystemSynchronizedRootGroup;
           path = FlashlightsInTheDark_MacOS;
           sourceTree = "<group>";
       };
		203C52F02DD67F2F00597453 /* FlashlightsInTheDarkTests */ = {
			isa = PBXFileSystemSynchronizedRootGroup;
			path = FlashlightsInTheDarkTests;
			sourceTree = "<group>";
		};
		203C52FA2DD67F2F00597453 /* FlashlightsInTheDarkUITests */ = {
			isa = PBXFileSystemSynchronizedRootGroup;
			path = FlashlightsInTheDarkUITests;
			sourceTree = "<group>";
		};
/* End PBXFileSystemSynchronizedRootGroup section */

/* Begin PBXFrameworksBuildPhase section */
		203C52DC2DD67F2E00597453 /* Frameworks */ = {
			isa = PBXFrameworksBuildPhase;
			buildActionMask = 2147483647;
			files = (
				203C53102DD6809400597453 /* NIOCore in Frameworks */,
				203C53272DD680C600597453 /* OSCKit in Frameworks */,
				203C53242DD6809400597453 /* _NIOFileSystemFoundationCompat in Frameworks */,
				203C53142DD6809400597453 /* NIOFoundationCompat in Frameworks */,
				203C53202DD6809400597453 /* _NIOConcurrency in Frameworks */,
				203C531C2DD6809400597453 /* NIOTestUtils in Frameworks */,
				203C53222DD6809400597453 /* _NIOFileSystem in Frameworks */,
				203C53182DD6809400597453 /* NIOPosix in Frameworks */,
				203C530C2DD6809400597453 /* NIO in Frameworks */,
				203C531E2DD6809400597453 /* NIOWebSocket in Frameworks */,
				203C53162DD6809400597453 /* NIOHTTP1 in Frameworks */,
				203C53292DD680C600597453 /* OSCKitCore in Frameworks */,
				203C530E2DD6809400597453 /* NIOConcurrencyHelpers in Frameworks */,
				203C53122DD6809400597453 /* NIOEmbedded in Frameworks */,
				203C531A2DD6809400597453 /* NIOTLS in Frameworks */,
			);
			runOnlyForDeploymentPostprocessing = 0;
		};
		203C52EA2DD67F2F00597453 /* Frameworks */ = {
			isa = PBXFrameworksBuildPhase;
			buildActionMask = 2147483647;
			files = (
			);
			runOnlyForDeploymentPostprocessing = 0;
		};
		203C52F42DD67F2F00597453 /* Frameworks */ = {
			isa = PBXFrameworksBuildPhase;
			buildActionMask = 2147483647;
			files = (
			);
			runOnlyForDeploymentPostprocessing = 0;
		};
/* End PBXFrameworksBuildPhase section */

/* Begin PBXGroup section */
		203C52D62DD67F2E00597453 = {
			isa = PBXGroup;
			children = (
				203C52E12DD67F2E00597453 /* FlashlightsInTheDark */,
				203C52F02DD67F2F00597453 /* FlashlightsInTheDarkTests */,
				203C52FA2DD67F2F00597453 /* FlashlightsInTheDarkUITests */,
				203C52E02DD67F2E00597453 /* Products */,
			);
			sourceTree = "<group>";
		};
		203C52E02DD67F2E00597453 /* Products */ = {
			isa = PBXGroup;
			children = (
				203C52DF2DD67F2E00597453 /* FlashlightsInTheDark.app */,
				203C52ED2DD67F2F00597453 /* FlashlightsInTheDarkTests.xctest */,
				203C52F72DD67F2F00597453 /* FlashlightsInTheDarkUITests.xctest */,
			);
			name = Products;
			sourceTree = "<group>";
		};
/* End PBXGroup section */

/* Begin PBXNativeTarget section */
		203C52DE2DD67F2E00597453 /* FlashlightsInTheDark */ = {
			isa = PBXNativeTarget;
			buildConfigurationList = 203C53012DD67F2F00597453 /* Build configuration list for PBXNativeTarget "FlashlightsInTheDark" */;
			buildPhases = (
				203C52DB2DD67F2E00597453 /* Sources */,
				203C52DC2DD67F2E00597453 /* Frameworks */,
				203C52DD2DD67F2E00597453 /* Resources */,
			);
			buildRules = (
			);
			dependencies = (
			);
			fileSystemSynchronizedGroups = (
				203C52E12DD67F2E00597453 /* FlashlightsInTheDark_MacOS */,
			);
			name = FlashlightsInTheDark;
			packageProductDependencies = (
				203C530B2DD6809400597453 /* NIO */,
				203C530D2DD6809400597453 /* NIOConcurrencyHelpers */,
				203C530F2DD6809400597453 /* NIOCore */,
				203C53112DD6809400597453 /* NIOEmbedded */,
				203C53132DD6809400597453 /* NIOFoundationCompat */,
				203C53152DD6809400597453 /* NIOHTTP1 */,
				203C53172DD6809400597453 /* NIOPosix */,
				203C53192DD6809400597453 /* NIOTLS */,
				203C531B2DD6809400597453 /* NIOTestUtils */,
				203C531D2DD6809400597453 /* NIOWebSocket */,
				203C531F2DD6809400597453 /* _NIOConcurrency */,
				203C53212DD6809400597453 /* _NIOFileSystem */,
				203C53232DD6809400597453 /* _NIOFileSystemFoundationCompat */,
				203C53262DD680C600597453 /* OSCKit */,
				203C53282DD680C600597453 /* OSCKitCore */,
			);
			productName = FlashlightsInTheDark;
			productReference = 203C52DF2DD67F2E00597453 /* FlashlightsInTheDark.app */;
			productType = "com.apple.product-type.application";
		};
		203C52EC2DD67F2F00597453 /* FlashlightsInTheDarkTests */ = {
			isa = PBXNativeTarget;
			buildConfigurationList = 203C53042DD67F2F00597453 /* Build configuration list for PBXNativeTarget "FlashlightsInTheDarkTests" */;
			buildPhases = (
				203C52E92DD67F2F00597453 /* Sources */,
				203C52EA2DD67F2F00597453 /* Frameworks */,
				203C52EB2DD67F2F00597453 /* Resources */,
			);
			buildRules = (
			);
			dependencies = (
				203C52EF2DD67F2F00597453 /* PBXTargetDependency */,
			);
			fileSystemSynchronizedGroups = (
				203C52F02DD67F2F00597453 /* FlashlightsInTheDarkTests */,
			);
			name = FlashlightsInTheDarkTests;
			packageProductDependencies = (
			);
			productName = FlashlightsInTheDarkTests;
			productReference = 203C52ED2DD67F2F00597453 /* FlashlightsInTheDarkTests.xctest */;
			productType = "com.apple.product-type.bundle.unit-test";
		};
		203C52F62DD67F2F00597453 /* FlashlightsInTheDarkUITests */ = {
			isa = PBXNativeTarget;
			buildConfigurationList = 203C53072DD67F2F00597453 /* Build configuration list for PBXNativeTarget "FlashlightsInTheDarkUITests" */;
			buildPhases = (
				203C52F32DD67F2F00597453 /* Sources */,
				203C52F42DD67F2F00597453 /* Frameworks */,
				203C52F52DD67F2F00597453 /* Resources */,
			);
			buildRules = (
			);
			dependencies = (
				203C52F92DD67F2F00597453 /* PBXTargetDependency */,
			);
			fileSystemSynchronizedGroups = (
				203C52FA2DD67F2F00597453 /* FlashlightsInTheDarkUITests */,
			);
			name = FlashlightsInTheDarkUITests;
			packageProductDependencies = (
			);
			productName = FlashlightsInTheDarkUITests;
			productReference = 203C52F72DD67F2F00597453 /* FlashlightsInTheDarkUITests.xctest */;
			productType = "com.apple.product-type.bundle.ui-testing";
		};
/* End PBXNativeTarget section */

/* Begin PBXProject section */
		203C52D72DD67F2E00597453 /* Project object */ = {
			isa = PBXProject;
			attributes = {
				BuildIndependentTargetsInParallel = 1;
				LastSwiftUpdateCheck = 1630;
				LastUpgradeCheck = 1630;
				TargetAttributes = {
					203C52DE2DD67F2E00597453 = {
						CreatedOnToolsVersion = 16.3;
					};
					203C52EC2DD67F2F00597453 = {
						CreatedOnToolsVersion = 16.3;
						TestTargetID = 203C52DE2DD67F2E00597453;
					};
					203C52F62DD67F2F00597453 = {
						CreatedOnToolsVersion = 16.3;
						TestTargetID = 203C52DE2DD67F2E00597453;
					};
				};
			};
			buildConfigurationList = 203C52DA2DD67F2E00597453 /* Build configuration list for PBXProject "FlashlightsInTheDark" */;
			developmentRegion = en;
			hasScannedForEncodings = 0;
			knownRegions = (
				en,
				Base,
			);
			mainGroup = 203C52D62DD67F2E00597453;
			minimizedProjectReferenceProxies = 1;
			packageReferences = (
				203C530A2DD6809400597453 /* XCRemoteSwiftPackageReference "swift-nio" */,
				203C53252DD680C600597453 /* XCRemoteSwiftPackageReference "OSCKit" */,
			);
			preferredProjectObjectVersion = 77;
			productRefGroup = 203C52E02DD67F2E00597453 /* Products */;
			projectDirPath = "";
			projectRoot = "";
			targets = (
				203C52DE2DD67F2E00597453 /* FlashlightsInTheDark */,
				203C52EC2DD67F2F00597453 /* FlashlightsInTheDarkTests */,
				203C52F62DD67F2F00597453 /* FlashlightsInTheDarkUITests */,
			);
		};
/* End PBXProject section */

/* Begin PBXResourcesBuildPhase section */
		203C52DD2DD67F2E00597453 /* Resources */ = {
			isa = PBXResourcesBuildPhase;
			buildActionMask = 2147483647;
			files = (
			);
			runOnlyForDeploymentPostprocessing = 0;
		};
		203C52EB2DD67F2F00597453 /* Resources */ = {
			isa = PBXResourcesBuildPhase;
			buildActionMask = 2147483647;
			files = (
			);
			runOnlyForDeploymentPostprocessing = 0;
		};
		203C52F52DD67F2F00597453 /* Resources */ = {
			isa = PBXResourcesBuildPhase;
			buildActionMask = 2147483647;
			files = (
			);
			runOnlyForDeploymentPostprocessing = 0;
		};
/* End PBXResourcesBuildPhase section */

/* Begin PBXSourcesBuildPhase section */
		203C52DB2DD67F2E00597453 /* Sources */ = {
			isa = PBXSourcesBuildPhase;
			buildActionMask = 2147483647;
			files = (
			);
			runOnlyForDeploymentPostprocessing = 0;
		};
		203C52E92DD67F2F00597453 /* Sources */ = {
			isa = PBXSourcesBuildPhase;
			buildActionMask = 2147483647;
			files = (
			);
			runOnlyForDeploymentPostprocessing = 0;
		};
		203C52F32DD67F2F00597453 /* Sources */ = {
			isa = PBXSourcesBuildPhase;
			buildActionMask = 2147483647;
			files = (
			);
			runOnlyForDeploymentPostprocessing = 0;
		};
/* End PBXSourcesBuildPhase section */

/* Begin PBXTargetDependency section */
		203C52EF2DD67F2F00597453 /* PBXTargetDependency */ = {
			isa = PBXTargetDependency;
			target = 203C52DE2DD67F2E00597453 /* FlashlightsInTheDark */;
			targetProxy = 203C52EE2DD67F2F00597453 /* PBXContainerItemProxy */;
		};
		203C52F92DD67F2F00597453 /* PBXTargetDependency */ = {
			isa = PBXTargetDependency;
			target = 203C52DE2DD67F2E00597453 /* FlashlightsInTheDark */;
			targetProxy = 203C52F82DD67F2F00597453 /* PBXContainerItemProxy */;
		};
/* End PBXTargetDependency section */

/* Begin XCBuildConfiguration section */
		203C52FF2DD67F2F00597453 /* Debug */ = {
			isa = XCBuildConfiguration;
			buildSettings = {
				ALWAYS_SEARCH_USER_PATHS = NO;
				ASSETCATALOG_COMPILER_GENERATE_SWIFT_ASSET_SYMBOL_EXTENSIONS = YES;
				CLANG_ANALYZER_NONNULL = YES;
				CLANG_ANALYZER_NUMBER_OBJECT_CONVERSION = YES_AGGRESSIVE;
				CLANG_CXX_LANGUAGE_STANDARD = "gnu++20";
				CLANG_ENABLE_MODULES = YES;
				CLANG_ENABLE_OBJC_ARC = YES;
				CLANG_ENABLE_OBJC_WEAK = YES;
				CLANG_WARN_BLOCK_CAPTURE_AUTORELEASING = YES;
				CLANG_WARN_BOOL_CONVERSION = YES;
				CLANG_WARN_COMMA = YES;
				CLANG_WARN_CONSTANT_CONVERSION = YES;
				CLANG_WARN_DEPRECATED_OBJC_IMPLEMENTATIONS = YES;
				CLANG_WARN_DIRECT_OBJC_ISA_USAGE = YES_ERROR;
				CLANG_WARN_DOCUMENTATION_COMMENTS = YES;
				CLANG_WARN_EMPTY_BODY = YES;
				CLANG_WARN_ENUM_CONVERSION = YES;
				CLANG_WARN_INFINITE_RECURSION = YES;
				CLANG_WARN_INT_CONVERSION = YES;
				CLANG_WARN_NON_LITERAL_NULL_CONVERSION = YES;
				CLANG_WARN_OBJC_IMPLICIT_RETAIN_SELF = YES;
				CLANG_WARN_OBJC_LITERAL_CONVERSION = YES;
				CLANG_WARN_OBJC_ROOT_CLASS = YES_ERROR;
				CLANG_WARN_QUOTED_INCLUDE_IN_FRAMEWORK_HEADER = YES;
				CLANG_WARN_RANGE_LOOP_ANALYSIS = YES;
				CLANG_WARN_STRICT_PROTOTYPES = YES;
				CLANG_WARN_SUSPICIOUS_MOVE = YES;
				CLANG_WARN_UNGUARDED_AVAILABILITY = YES_AGGRESSIVE;
				CLANG_WARN_UNREACHABLE_CODE = YES;
				CLANG_WARN__DUPLICATE_METHOD_MATCH = YES;
				COPY_PHASE_STRIP = NO;
				DEBUG_INFORMATION_FORMAT = dwarf;
				DEVELOPMENT_TEAM = 64X2982QY7;
				ENABLE_STRICT_OBJC_MSGSEND = YES;
				ENABLE_TESTABILITY = YES;
				ENABLE_USER_SCRIPT_SANDBOXING = YES;
				GCC_C_LANGUAGE_STANDARD = gnu17;
				GCC_DYNAMIC_NO_PIC = NO;
				GCC_NO_COMMON_BLOCKS = YES;
				GCC_OPTIMIZATION_LEVEL = 0;
				GCC_PREPROCESSOR_DEFINITIONS = (
					"DEBUG=1",
					"$(inherited)",
				);
				GCC_WARN_64_TO_32_BIT_CONVERSION = YES;
				GCC_WARN_ABOUT_RETURN_TYPE = YES_ERROR;
				GCC_WARN_UNDECLARED_SELECTOR = YES;
				GCC_WARN_UNINITIALIZED_AUTOS = YES_AGGRESSIVE;
				GCC_WARN_UNUSED_FUNCTION = YES;
				GCC_WARN_UNUSED_VARIABLE = YES;
				LOCALIZATION_PREFERS_STRING_CATALOGS = YES;
				MACOSX_DEPLOYMENT_TARGET = 15.3;
				MTL_ENABLE_DEBUG_INFO = INCLUDE_SOURCE;
				MTL_FAST_MATH = YES;
				ONLY_ACTIVE_ARCH = YES;
				SDKROOT = macosx;
				SWIFT_ACTIVE_COMPILATION_CONDITIONS = "DEBUG $(inherited)";
				SWIFT_OPTIMIZATION_LEVEL = "-Onone";
			};
			name = Debug;
		};
		203C53002DD67F2F00597453 /* Release */ = {
			isa = XCBuildConfiguration;
			buildSettings = {
				ALWAYS_SEARCH_USER_PATHS = NO;
				ASSETCATALOG_COMPILER_GENERATE_SWIFT_ASSET_SYMBOL_EXTENSIONS = YES;
				CLANG_ANALYZER_NONNULL = YES;
				CLANG_ANALYZER_NUMBER_OBJECT_CONVERSION = YES_AGGRESSIVE;
				CLANG_CXX_LANGUAGE_STANDARD = "gnu++20";
				CLANG_ENABLE_MODULES = YES;
				CLANG_ENABLE_OBJC_ARC = YES;
				CLANG_ENABLE_OBJC_WEAK = YES;
				CLANG_WARN_BLOCK_CAPTURE_AUTORELEASING = YES;
				CLANG_WARN_BOOL_CONVERSION = YES;
				CLANG_WARN_COMMA = YES;
				CLANG_WARN_CONSTANT_CONVERSION = YES;
				CLANG_WARN_DEPRECATED_OBJC_IMPLEMENTATIONS = YES;
				CLANG_WARN_DIRECT_OBJC_ISA_USAGE = YES_ERROR;
				CLANG_WARN_DOCUMENTATION_COMMENTS = YES;
				CLANG_WARN_EMPTY_BODY = YES;
				CLANG_WARN_ENUM_CONVERSION = YES;
				CLANG_WARN_INFINITE_RECURSION = YES;
				CLANG_WARN_INT_CONVERSION = YES;
				CLANG_WARN_NON_LITERAL_NULL_CONVERSION = YES;
				CLANG_WARN_OBJC_IMPLICIT_RETAIN_SELF = YES;
				CLANG_WARN_OBJC_LITERAL_CONVERSION = YES;
				CLANG_WARN_OBJC_ROOT_CLASS = YES_ERROR;
				CLANG_WARN_QUOTED_INCLUDE_IN_FRAMEWORK_HEADER = YES;
				CLANG_WARN_RANGE_LOOP_ANALYSIS = YES;
				CLANG_WARN_STRICT_PROTOTYPES = YES;
				CLANG_WARN_SUSPICIOUS_MOVE = YES;
				CLANG_WARN_UNGUARDED_AVAILABILITY = YES_AGGRESSIVE;
				CLANG_WARN_UNREACHABLE_CODE = YES;
				CLANG_WARN__DUPLICATE_METHOD_MATCH = YES;
				COPY_PHASE_STRIP = NO;
				DEBUG_INFORMATION_FORMAT = "dwarf-with-dsym";
				DEVELOPMENT_TEAM = 64X2982QY7;
				ENABLE_NS_ASSERTIONS = NO;
				ENABLE_STRICT_OBJC_MSGSEND = YES;
				ENABLE_USER_SCRIPT_SANDBOXING = YES;
				GCC_C_LANGUAGE_STANDARD = gnu17;
				GCC_NO_COMMON_BLOCKS = YES;
				GCC_WARN_64_TO_32_BIT_CONVERSION = YES;
				GCC_WARN_ABOUT_RETURN_TYPE = YES_ERROR;
				GCC_WARN_UNDECLARED_SELECTOR = YES;
				GCC_WARN_UNINITIALIZED_AUTOS = YES_AGGRESSIVE;
				GCC_WARN_UNUSED_FUNCTION = YES;
				GCC_WARN_UNUSED_VARIABLE = YES;
				LOCALIZATION_PREFERS_STRING_CATALOGS = YES;
				MACOSX_DEPLOYMENT_TARGET = 15.3;
				MTL_ENABLE_DEBUG_INFO = NO;
				MTL_FAST_MATH = YES;
				SDKROOT = macosx;
				SWIFT_COMPILATION_MODE = wholemodule;
			};
			name = Release;
		};
		203C53022DD67F2F00597453 /* Debug */ = {
			isa = XCBuildConfiguration;
			buildSettings = {
				ASSETCATALOG_COMPILER_APPICON_NAME = AppIcon;
				ASSETCATALOG_COMPILER_GLOBAL_ACCENT_COLOR_NAME = AccentColor;
				CODE_SIGN_ENTITLEMENTS = FlashlightsInTheDark_MacOS/FlashlightsInTheDark.entitlements;
				CODE_SIGN_STYLE = Automatic;
				COMBINE_HIDPI_IMAGES = YES;
				CURRENT_PROJECT_VERSION = 1;
				DEVELOPMENT_TEAM = 64X2982QY7;
				ENABLE_HARDENED_RUNTIME = YES;
				ENABLE_PREVIEWS = YES;
                               GENERATE_INFOPLIST_FILE = YES;
                               INFOPLIST_KEY_LSApplicationCategoryType = "public.app-category.music";
                               INFOPLIST_KEY_NSHumanReadableCopyright = "";
				LD_RUNPATH_SEARCH_PATHS = (
					"$(inherited)",
					"@executable_path/../Frameworks",
				);
				MARKETING_VERSION = 1.0;
				PRODUCT_BUNDLE_IDENTIFIER = KEEx.AI.FlashlightsInTheDark;
				PRODUCT_NAME = "$(TARGET_NAME)";
				REGISTER_APP_GROUPS = YES;
				SWIFT_EMIT_LOC_STRINGS = YES;
				SWIFT_VERSION = 5.0;
			};
			name = Debug;
		};
		203C53032DD67F2F00597453 /* Release */ = {
			isa = XCBuildConfiguration;
			buildSettings = {
				ASSETCATALOG_COMPILER_APPICON_NAME = AppIcon;
				ASSETCATALOG_COMPILER_GLOBAL_ACCENT_COLOR_NAME = AccentColor;
				CODE_SIGN_ENTITLEMENTS = FlashlightsInTheDark_MacOS/FlashlightsInTheDark.entitlements;
				CODE_SIGN_STYLE = Automatic;
				COMBINE_HIDPI_IMAGES = YES;
				CURRENT_PROJECT_VERSION = 1;
				DEVELOPMENT_TEAM = 64X2982QY7;
				ENABLE_HARDENED_RUNTIME = YES;
				ENABLE_PREVIEWS = YES;
                               GENERATE_INFOPLIST_FILE = YES;
                               INFOPLIST_KEY_LSApplicationCategoryType = "public.app-category.music";
                               INFOPLIST_KEY_NSHumanReadableCopyright = "";
				LD_RUNPATH_SEARCH_PATHS = (
					"$(inherited)",
					"@executable_path/../Frameworks",
				);
				MARKETING_VERSION = 1.0;
				PRODUCT_BUNDLE_IDENTIFIER = KEEx.AI.FlashlightsInTheDark;
				PRODUCT_NAME = "$(TARGET_NAME)";
				REGISTER_APP_GROUPS = YES;
				SWIFT_EMIT_LOC_STRINGS = YES;
				SWIFT_VERSION = 5.0;
			};
			name = Release;
		};
		203C53052DD67F2F00597453 /* Debug */ = {
			isa = XCBuildConfiguration;
			buildSettings = {
				BUNDLE_LOADER = "$(TEST_HOST)";
				CODE_SIGN_STYLE = Automatic;
				CURRENT_PROJECT_VERSION = 1;
				DEVELOPMENT_TEAM = 64X2982QY7;
				GENERATE_INFOPLIST_FILE = YES;
				MACOSX_DEPLOYMENT_TARGET = 15.3;
				MARKETING_VERSION = 1.0;
				PRODUCT_BUNDLE_IDENTIFIER = KEEx.AI.FlashlightsInTheDarkTests;
				PRODUCT_NAME = "$(TARGET_NAME)";
				SWIFT_EMIT_LOC_STRINGS = NO;
				SWIFT_VERSION = 5.0;
				TEST_HOST = "$(BUILT_PRODUCTS_DIR)/FlashlightsInTheDark.app/$(BUNDLE_EXECUTABLE_FOLDER_PATH)/FlashlightsInTheDark";
			};
			name = Debug;
		};
		203C53062DD67F2F00597453 /* Release */ = {
			isa = XCBuildConfiguration;
			buildSettings = {
				BUNDLE_LOADER = "$(TEST_HOST)";
				CODE_SIGN_STYLE = Automatic;
				CURRENT_PROJECT_VERSION = 1;
				DEVELOPMENT_TEAM = 64X2982QY7;
				GENERATE_INFOPLIST_FILE = YES;
				MACOSX_DEPLOYMENT_TARGET = 15.3;
				MARKETING_VERSION = 1.0;
				PRODUCT_BUNDLE_IDENTIFIER = KEEx.AI.FlashlightsInTheDarkTests;
				PRODUCT_NAME = "$(TARGET_NAME)";
				SWIFT_EMIT_LOC_STRINGS = NO;
				SWIFT_VERSION = 5.0;
				TEST_HOST = "$(BUILT_PRODUCTS_DIR)/FlashlightsInTheDark.app/$(BUNDLE_EXECUTABLE_FOLDER_PATH)/FlashlightsInTheDark";
			};
			name = Release;
		};
		203C53082DD67F2F00597453 /* Debug */ = {
			isa = XCBuildConfiguration;
			buildSettings = {
				CODE_SIGN_STYLE = Automatic;
				CURRENT_PROJECT_VERSION = 1;
				DEVELOPMENT_TEAM = 64X2982QY7;
				GENERATE_INFOPLIST_FILE = YES;
				MARKETING_VERSION = 1.0;
				PRODUCT_BUNDLE_IDENTIFIER = KEEx.AI.FlashlightsInTheDarkUITests;
				PRODUCT_NAME = "$(TARGET_NAME)";
				SWIFT_EMIT_LOC_STRINGS = NO;
				SWIFT_VERSION = 5.0;
				TEST_TARGET_NAME = FlashlightsInTheDark;
			};
			name = Debug;
		};
		203C53092DD67F2F00597453 /* Release */ = {
			isa = XCBuildConfiguration;
			buildSettings = {
				CODE_SIGN_STYLE = Automatic;
				CURRENT_PROJECT_VERSION = 1;
				DEVELOPMENT_TEAM = 64X2982QY7;
				GENERATE_INFOPLIST_FILE = YES;
				MARKETING_VERSION = 1.0;
				PRODUCT_BUNDLE_IDENTIFIER = KEEx.AI.FlashlightsInTheDarkUITests;
				PRODUCT_NAME = "$(TARGET_NAME)";
				SWIFT_EMIT_LOC_STRINGS = NO;
				SWIFT_VERSION = 5.0;
				TEST_TARGET_NAME = FlashlightsInTheDark;
			};
			name = Release;
		};
/* End XCBuildConfiguration section */

/* Begin XCConfigurationList section */
		203C52DA2DD67F2E00597453 /* Build configuration list for PBXProject "FlashlightsInTheDark" */ = {
			isa = XCConfigurationList;
			buildConfigurations = (
				203C52FF2DD67F2F00597453 /* Debug */,
				203C53002DD67F2F00597453 /* Release */,
			);
			defaultConfigurationIsVisible = 0;
			defaultConfigurationName = Release;
		};
		203C53012DD67F2F00597453 /* Build configuration list for PBXNativeTarget "FlashlightsInTheDark" */ = {
			isa = XCConfigurationList;
			buildConfigurations = (
				203C53022DD67F2F00597453 /* Debug */,
				203C53032DD67F2F00597453 /* Release */,
			);
			defaultConfigurationIsVisible = 0;
			defaultConfigurationName = Release;
		};
		203C53042DD67F2F00597453 /* Build configuration list for PBXNativeTarget "FlashlightsInTheDarkTests" */ = {
			isa = XCConfigurationList;
			buildConfigurations = (
				203C53052DD67F2F00597453 /* Debug */,
				203C53062DD67F2F00597453 /* Release */,
			);
			defaultConfigurationIsVisible = 0;
			defaultConfigurationName = Release;
		};
		203C53072DD67F2F00597453 /* Build configuration list for PBXNativeTarget "FlashlightsInTheDarkUITests" */ = {
			isa = XCConfigurationList;
			buildConfigurations = (
				203C53082DD67F2F00597453 /* Debug */,
				203C53092DD67F2F00597453 /* Release */,
			);
			defaultConfigurationIsVisible = 0;
			defaultConfigurationName = Release;
		};
/* End XCConfigurationList section */

/* Begin XCRemoteSwiftPackageReference section */
		203C530A2DD6809400597453 /* XCRemoteSwiftPackageReference "swift-nio" */ = {
			isa = XCRemoteSwiftPackageReference;
			repositoryURL = "https://github.com/apple/swift-nio.git";
			requirement = {
				kind = upToNextMajorVersion;
				minimumVersion = 2.83.0;
			};
		};
		203C53252DD680C600597453 /* XCRemoteSwiftPackageReference "OSCKit" */ = {
			isa = XCRemoteSwiftPackageReference;
			repositoryURL = "https://github.com/orchetect/OSCKit.git";
			requirement = {
				kind = upToNextMajorVersion;
				minimumVersion = 1.2.1;
			};
		};
/* End XCRemoteSwiftPackageReference section */

/* Begin XCSwiftPackageProductDependency section */
		203C530B2DD6809400597453 /* NIO */ = {
			isa = XCSwiftPackageProductDependency;
			package = 203C530A2DD6809400597453 /* XCRemoteSwiftPackageReference "swift-nio" */;
			productName = NIO;
		};
		203C530D2DD6809400597453 /* NIOConcurrencyHelpers */ = {
			isa = XCSwiftPackageProductDependency;
			package = 203C530A2DD6809400597453 /* XCRemoteSwiftPackageReference "swift-nio" */;
			productName = NIOConcurrencyHelpers;
		};
		203C530F2DD6809400597453 /* NIOCore */ = {
			isa = XCSwiftPackageProductDependency;
			package = 203C530A2DD6809400597453 /* XCRemoteSwiftPackageReference "swift-nio" */;
			productName = NIOCore;
		};
		203C53112DD6809400597453 /* NIOEmbedded */ = {
			isa = XCSwiftPackageProductDependency;
			package = 203C530A2DD6809400597453 /* XCRemoteSwiftPackageReference "swift-nio" */;
			productName = NIOEmbedded;
		};
		203C53132DD6809400597453 /* NIOFoundationCompat */ = {
			isa = XCSwiftPackageProductDependency;
			package = 203C530A2DD6809400597453 /* XCRemoteSwiftPackageReference "swift-nio" */;
			productName = NIOFoundationCompat;
		};
		203C53152DD6809400597453 /* NIOHTTP1 */ = {
			isa = XCSwiftPackageProductDependency;
			package = 203C530A2DD6809400597453 /* XCRemoteSwiftPackageReference "swift-nio" */;
			productName = NIOHTTP1;
		};
		203C53172DD6809400597453 /* NIOPosix */ = {
			isa = XCSwiftPackageProductDependency;
			package = 203C530A2DD6809400597453 /* XCRemoteSwiftPackageReference "swift-nio" */;
			productName = NIOPosix;
		};
		203C53192DD6809400597453 /* NIOTLS */ = {
			isa = XCSwiftPackageProductDependency;
			package = 203C530A2DD6809400597453 /* XCRemoteSwiftPackageReference "swift-nio" */;
			productName = NIOTLS;
		};
		203C531B2DD6809400597453 /* NIOTestUtils */ = {
			isa = XCSwiftPackageProductDependency;
			package = 203C530A2DD6809400597453 /* XCRemoteSwiftPackageReference "swift-nio" */;
			productName = NIOTestUtils;
		};
		203C531D2DD6809400597453 /* NIOWebSocket */ = {
			isa = XCSwiftPackageProductDependency;
			package = 203C530A2DD6809400597453 /* XCRemoteSwiftPackageReference "swift-nio" */;
			productName = NIOWebSocket;
		};
		203C531F2DD6809400597453 /* _NIOConcurrency */ = {
			isa = XCSwiftPackageProductDependency;
			package = 203C530A2DD6809400597453 /* XCRemoteSwiftPackageReference "swift-nio" */;
			productName = _NIOConcurrency;
		};
		203C53212DD6809400597453 /* _NIOFileSystem */ = {
			isa = XCSwiftPackageProductDependency;
			package = 203C530A2DD6809400597453 /* XCRemoteSwiftPackageReference "swift-nio" */;
			productName = _NIOFileSystem;
		};
		203C53232DD6809400597453 /* _NIOFileSystemFoundationCompat */ = {
			isa = XCSwiftPackageProductDependency;
			package = 203C530A2DD6809400597453 /* XCRemoteSwiftPackageReference "swift-nio" */;
			productName = _NIOFileSystemFoundationCompat;
		};
		203C53262DD680C600597453 /* OSCKit */ = {
			isa = XCSwiftPackageProductDependency;
			package = 203C53252DD680C600597453 /* XCRemoteSwiftPackageReference "OSCKit" */;
			productName = OSCKit;
		};
		203C53282DD680C600597453 /* OSCKitCore */ = {
			isa = XCSwiftPackageProductDependency;
			package = 203C53252DD680C600597453 /* XCRemoteSwiftPackageReference "OSCKit" */;
			productName = OSCKitCore;
		};
/* End XCSwiftPackageProductDependency section */
	};
	rootObject = 203C52D72DD67F2E00597453 /* Project object */;
}
